
Microsoft Visual Studio Solution File, Format Version 12.00
# Visual Studio Version 16
VisualStudioVersion = 16.0.29613.14
MinimumVisualStudioVersion = 10.0.40219.1
Project("{FAE04EC0-301F-11D3-BF4B-00C04F79EFBC}") = "Exercici 4 fase 1", "Exercici 4 fase 1\Exercici 4 fase 1.csproj", "{8F82CD7F-BFB5-4EAE-B05A-3716579DD4CE}"
EndProject
Global
	GlobalSection(SolutionConfigurationPlatforms) = preSolution
		Debug|Any CPU = Debug|Any CPU
		Release|Any CPU = Release|Any CPU
	EndGlobalSection
	GlobalSection(ProjectConfigurationPlatforms) = postSolution
		{8F82CD7F-BFB5-4EAE-B05A-3716579DD4CE}.Debug|Any CPU.ActiveCfg = Debug|Any CPU
		{8F82CD7F-BFB5-4EAE-B05A-3716579DD4CE}.Debug|Any CPU.Build.0 = Debug|Any CPU
		{8F82CD7F-BFB5-4EAE-B05A-3716579DD4CE}.Release|Any CPU.ActiveCfg = Release|Any CPU
		{8F82CD7F-BFB5-4EAE-B05A-3716579DD4CE}.Release|Any CPU.Build.0 = Release|Any CPU
	EndGlobalSection
	GlobalSection(SolutionProperties) = preSolution
		HideSolutionNode = FALSE
	EndGlobalSection
	GlobalSection(ExtensibilityGlobals) = postSolution
		SolutionGuid = {77913810-DAA0-4BFF-99F2-93671A713F4C}
	EndGlobalSection
EndGlobal
