
Microsoft Visual Studio Solution File, Format Version 12.00
# Visual Studio Version 16
VisualStudioVersion = 16.0.29613.14
MinimumVisualStudioVersion = 10.0.40219.1
Project("{FAE04EC0-301F-11D3-BF4B-00C04F79EFBC}") = "Exercici 2 fase 1", "Exercici 2 fase 1\Exercici 2 fase 1.csproj", "{95E4121C-CB8A-42C7-8202-76E5474B436C}"
EndProject
Global
	GlobalSection(SolutionConfigurationPlatforms) = preSolution
		Debug|Any CPU = Debug|Any CPU
		Release|Any CPU = Release|Any CPU
	EndGlobalSection
	GlobalSection(ProjectConfigurationPlatforms) = postSolution
		{95E4121C-CB8A-42C7-8202-76E5474B436C}.Debug|Any CPU.ActiveCfg = Debug|Any CPU
		{95E4121C-CB8A-42C7-8202-76E5474B436C}.Debug|Any CPU.Build.0 = Debug|Any CPU
		{95E4121C-CB8A-42C7-8202-76E5474B436C}.Release|Any CPU.ActiveCfg = Release|Any CPU
		{95E4121C-CB8A-42C7-8202-76E5474B436C}.Release|Any CPU.Build.0 = Release|Any CPU
	EndGlobalSection
	GlobalSection(SolutionProperties) = preSolution
		HideSolutionNode = FALSE
	EndGlobalSection
	GlobalSection(ExtensibilityGlobals) = postSolution
		SolutionGuid = {BEC88052-33C0-411A-A3BA-8D97A7783793}
	EndGlobalSection
EndGlobal
